
Microsoft Visual Studio Solution File, Format Version 12.00
# Visual Studio Version 16
VisualStudioVersion = 16.0.31321.278
MinimumVisualStudioVersion = 10.0.40219.1
Project("{FAE04EC0-301F-11D3-BF4B-00C04F79EFBC}") = "DailyCodingProblem", "DailyCodingProblem.csproj", "{F6FBD2DB-05C7-43CD-9DF5-F4846AAD754E}"
EndProject
Project("{FAE04EC0-301F-11D3-BF4B-00C04F79EFBC}") = "DailyCodingProblem.UnitTests", "..\DailyCodingProblem.UnitTests\DailyCodingProblem.UnitTests.csproj", "{2D582556-3AA3-4502-9EC6-18589D82ED38}"
EndProject
Global
	GlobalSection(SolutionConfigurationPlatforms) = preSolution
		Debug|Any CPU = Debug|Any CPU
		Release|Any CPU = Release|Any CPU
	EndGlobalSection
	GlobalSection(ProjectConfigurationPlatforms) = postSolution
		{F6FBD2DB-05C7-43CD-9DF5-F4846AAD754E}.Debug|Any CPU.ActiveCfg = Debug|Any CPU
		{F6FBD2DB-05C7-43CD-9DF5-F4846AAD754E}.Debug|Any CPU.Build.0 = Debug|Any CPU
		{F6FBD2DB-05C7-43CD-9DF5-F4846AAD754E}.Release|Any CPU.ActiveCfg = Release|Any CPU
		{F6FBD2DB-05C7-43CD-9DF5-F4846AAD754E}.Release|Any CPU.Build.0 = Release|Any CPU
		{2D582556-3AA3-4502-9EC6-18589D82ED38}.Debug|Any CPU.ActiveCfg = Debug|Any CPU
		{2D582556-3AA3-4502-9EC6-18589D82ED38}.Debug|Any CPU.Build.0 = Debug|Any CPU
		{2D582556-3AA3-4502-9EC6-18589D82ED38}.Release|Any CPU.ActiveCfg = Release|Any CPU
		{2D582556-3AA3-4502-9EC6-18589D82ED38}.Release|Any CPU.Build.0 = Release|Any CPU
	EndGlobalSection
	GlobalSection(SolutionProperties) = preSolution
		HideSolutionNode = FALSE
	EndGlobalSection
	GlobalSection(ExtensibilityGlobals) = postSolution
		SolutionGuid = {5241EA05-2185-4815-9095-FC64501EE026}
	EndGlobalSection
EndGlobal
